
Microsoft Visual Studio Solution File, Format Version 12.00
# Visual Studio Version 17
VisualStudioVersion = 17.14.36414.22 d17.14
MinimumVisualStudioVersion = 10.0.40219.1
Project("{FAE04EC0-301F-11D3-BF4B-00C04F79EFBC}") = "Bài thực hành 3_4", "Bài thực hành 3_4\Bài thực hành 3_4.csproj", "{0885DE00-3F49-4652-B000-05A4FDD584DD}"
EndProject
Global
	GlobalSection(SolutionConfigurationPlatforms) = preSolution
		Debug|Any CPU = Debug|Any CPU
		Release|Any CPU = Release|Any CPU
	EndGlobalSection
	GlobalSection(ProjectConfigurationPlatforms) = postSolution
		{0885DE00-3F49-4652-B000-05A4FDD584DD}.Debug|Any CPU.ActiveCfg = Debug|Any CPU
		{0885DE00-3F49-4652-B000-05A4FDD584DD}.Debug|Any CPU.Build.0 = Debug|Any CPU
		{0885DE00-3F49-4652-B000-05A4FDD584DD}.Release|Any CPU.ActiveCfg = Release|Any CPU
		{0885DE00-3F49-4652-B000-05A4FDD584DD}.Release|Any CPU.Build.0 = Release|Any CPU
	EndGlobalSection
	GlobalSection(SolutionProperties) = preSolution
		HideSolutionNode = FALSE
	EndGlobalSection
	GlobalSection(ExtensibilityGlobals) = postSolution
		SolutionGuid = {C10B0FAD-4431-44AE-AA3B-CC76269FCCC6}
	EndGlobalSection
EndGlobal
